{
  "name": "favorite-eats",
  "version": "1.0.0",
  "lockfileVersion": 3,
  "requires": true,
  "packages": {
    "": {
      "name": "favorite-eats",
      "version": "1.0.0",
      "devDependencies": {
        "@fontsource/dm-sans": "^5.2.8",
        "@fontsource/literata": "^5.2.8",
        "@fontsource/red-hat-mono": "^5.2.8",
        "playwright": "^1.49.1"
      }
    },
    "node_modules/@fontsource/dm-sans": {
      "version": "5.2.8",
      "resolved": "https://registry.npmjs.org/@fontsource/dm-sans/-/dm-sans-5.2.8.tgz",
      "integrity": "sha512-tlovG42m9ESG28WiHpLq3F5umAlm64rv0RkqTbYowRn70e9OlRr5a3yTJhrhrY+k5lftR/OFJjPzOLQzk8EfCA==",
      "dev": true,
      "license": "OFL-1.1",
      "funding": {
        "url": "https://github.com/sponsors/ayuhito"
      }
    },
    "node_modules/@fontsource/literata": {
      "version": "5.2.8",
      "resolved": "https://registry.npmjs.org/@fontsource/literata/-/literata-5.2.8.tgz",
      "integrity": "sha512-Rj3eEQeu7+yBw9ZjXxcRiKDDrhbhpCyb0b79VJVCjDF1fdgJ8gDr9C1SRFLwfi+VaHEkhJDnRGm25fq1Yk+wNg==",
      "dev": true,
      "license": "OFL-1.1",
      "funding": {
        "url": "https://github.com/sponsors/ayuhito"
      }
    },
    "node_modules/@fontsource/red-hat-mono": {
      "version": "5.2.8",
      "resolved": "https://registry.npmjs.org/@fontsource/red-hat-mono/-/red-hat-mono-5.2.8.tgz",
      "integrity": "sha512-KiP2OqXbsDAoz6kDNTRjcepp+EeuqxcC2+EWj0MJW3ulpqEA1L5G31KmTRgmnpfxMTqYEESCj99Ldd4rBmC6Xg==",
      "dev": true,
      "license": "OFL-1.1",
      "funding": {
        "url": "https://github.com/sponsors/ayuhito"
      }
    },
    "node_modules/fsevents": {
      "version": "2.3.2",
      "resolved": "https://registry.npmjs.org/fsevents/-/fsevents-2.3.2.tgz",
      "integrity": "sha512-xiqMQR4xAeHTuB9uWm+fFRcIOgKBMiOBP+eXiyT7jsgVCq1bkVygt00oASowB7EdtpOHaaPgKt812P9ab+DDKA==",
      "dev": true,
      "hasInstallScript": true,
      "license": "MIT",
      "optional": true,
      "os": [
        "darwin"
      ],
      "engines": {
        "node": "^8.16.0 || ^10.6.0 || >=11.0.0"
      }
    },
    "node_modules/playwright": {
      "version": "1.49.1",
      "resolved": "https://registry.npmjs.org/playwright/-/playwright-1.49.1.tgz",
      "integrity": "sha512-VYL8zLoNTBxVOrJBbDuRgDWa3i+mfQgDTrL8Ah9QXZ7ax4Dsj0MSq5bYgytRnDVVe+njoKnfsYkH3HzqVj5UZA==",
      "dev": true,
      "license": "Apache-2.0",
      "dependencies": {
        "playwright-core": "1.49.1"
      },
      "bin": {
        "playwright": "cli.js"
      },
      "engines": {
        "node": ">=18"
      },
      "optionalDependencies": {
        "fsevents": "2.3.2"
      }
    },
    "node_modules/playwright-core": {
      "version": "1.49.1",
      "resolved": "https://registry.npmjs.org/playwright-core/-/playwright-core-1.49.1.tgz",
      "integrity": "sha512-BzmpVcs4kE2CH15rWfzpjzVGhWERJfmnXmniSyKeRZUs9Ws65m+RGIi7mjJK/euCegfn3i7jvqWeWyHe9y3Vgg==",
      "dev": true,
      "license": "Apache-2.0",
      "bin": {
        "playwright-core": "cli.js"
      },
      "engines": {
        "node": ">=18"
      }
    }
  }
}
